
Microsoft Visual Studio Solution File, Format Version 12.00
# Visual Studio Version 16
VisualStudioVersion = 16.0.30611.23
MinimumVisualStudioVersion = 10.0.40219.1
Project("{9A19103F-16F7-4668-BE54-9A1E7A4F7556}") = "NetCore.VueCMS.ApiService", "NetCore.VueCMS.ApiService.csproj", "{ADFBA7B7-AE40-48FB-A495-E14DA7D74AEC}"
EndProject
Global
	GlobalSection(SolutionConfigurationPlatforms) = preSolution
		Debug|Any CPU = Debug|Any CPU
		Release|Any CPU = Release|Any CPU
	EndGlobalSection
	GlobalSection(ProjectConfigurationPlatforms) = postSolution
		{ADFBA7B7-AE40-48FB-A495-E14DA7D74AEC}.Debug|Any CPU.ActiveCfg = Debug|Any CPU
		{ADFBA7B7-AE40-48FB-A495-E14DA7D74AEC}.Debug|Any CPU.Build.0 = Debug|Any CPU
		{ADFBA7B7-AE40-48FB-A495-E14DA7D74AEC}.Release|Any CPU.ActiveCfg = Release|Any CPU
		{ADFBA7B7-AE40-48FB-A495-E14DA7D74AEC}.Release|Any CPU.Build.0 = Release|Any CPU
	EndGlobalSection
	GlobalSection(SolutionProperties) = preSolution
		HideSolutionNode = FALSE
	EndGlobalSection
	GlobalSection(ExtensibilityGlobals) = postSolution
		SolutionGuid = {B3BF5188-C431-46CA-B38C-E7F95490456D}
	EndGlobalSection
EndGlobal
